// !$*UTF8*$!
{
	archiveVersion = 1;
	classes = {
	};
	objectVersion = 50;
	objects = {

/* Begin PBXBuildFile section */
		35044F88268E3F1700980EDE /* DogAdoptViewController.swift in Sources */ = {isa = PBXBuildFile; fileRef = 35044F87268E3F1700980EDE /* DogAdoptViewController.swift */; };
		357DFF94268E0A2C0042579E /* ScheduleTableViewController.swift in Sources */ = {isa = PBXBuildFile; fileRef = 357DFF8E268E0A2B0042579E /* ScheduleTableViewController.swift */; };
		357DFF97268E0A2C0042579E /* RemoveScheduleViewController.swift in Sources */ = {isa = PBXBuildFile; fileRef = 357DFF91268E0A2C0042579E /* RemoveScheduleViewController.swift */; };
		357DFF98268E0A2C0042579E /* AddScheduleViewController.swift in Sources */ = {isa = PBXBuildFile; fileRef = 357DFF92268E0A2C0042579E /* AddScheduleViewController.swift */; };
		357DFF99268E0A2C0042579E /* Schedule.swift in Sources */ = {isa = PBXBuildFile; fileRef = 357DFF93268E0A2C0042579E /* Schedule.swift */; };
		83112572268B995D00C81104 /* AppDelegate.swift in Sources */ = {isa = PBXBuildFile; fileRef = 83112571268B995D00C81104 /* AppDelegate.swift */; };
		83112574268B995D00C81104 /* SceneDelegate.swift in Sources */ = {isa = PBXBuildFile; fileRef = 83112573268B995D00C81104 /* SceneDelegate.swift */; };
		83112576268B995D00C81104 /* ViewController.swift in Sources */ = {isa = PBXBuildFile; fileRef = 83112575268B995D00C81104 /* ViewController.swift */; };
		83112579268B995D00C81104 /* Main.storyboard in Resources */ = {isa = PBXBuildFile; fileRef = 83112577268B995D00C81104 /* Main.storyboard */; };
		8311257C268B995D00C81104 /* PawsUp.xcdatamodeld in Sources */ = {isa = PBXBuildFile; fileRef = 8311257A268B995D00C81104 /* PawsUp.xcdatamodeld */; };
		8311257E268B996200C81104 /* Assets.xcassets in Resources */ = {isa = PBXBuildFile; fileRef = 8311257D268B996200C81104 /* Assets.xcassets */; };
		83112581268B996200C81104 /* LaunchScreen.storyboard in Resources */ = {isa = PBXBuildFile; fileRef = 8311257F268B996200C81104 /* LaunchScreen.storyboard */; };
/* End PBXBuildFile section */

/* Begin PBXFileReference section */
		35044F87268E3F1700980EDE /* DogAdoptViewController.swift */ = {isa = PBXFileReference; lastKnownFileType = sourcecode.swift; path = DogAdoptViewController.swift; sourceTree = "<group>"; };
		357DFF8E268E0A2B0042579E /* ScheduleTableViewController.swift */ = {isa = PBXFileReference; fileEncoding = 4; lastKnownFileType = sourcecode.swift; name = ScheduleTableViewController.swift; path = ../../ToDoList/ToDoList/ScheduleTableViewController.swift; sourceTree = "<group>"; };
		357DFF91268E0A2C0042579E /* RemoveScheduleViewController.swift */ = {isa = PBXFileReference; fileEncoding = 4; lastKnownFileType = sourcecode.swift; name = RemoveScheduleViewController.swift; path = ../../ToDoList/ToDoList/RemoveScheduleViewController.swift; sourceTree = "<group>"; };
		357DFF92268E0A2C0042579E /* AddScheduleViewController.swift */ = {isa = PBXFileReference; fileEncoding = 4; lastKnownFileType = sourcecode.swift; name = AddScheduleViewController.swift; path = ../../ToDoList/ToDoList/AddScheduleViewController.swift; sourceTree = "<group>"; };
		357DFF93268E0A2C0042579E /* Schedule.swift */ = {isa = PBXFileReference; fileEncoding = 4; lastKnownFileType = sourcecode.swift; name = Schedule.swift; path = ../../ToDoList/ToDoList/Schedule.swift; sourceTree = "<group>"; };
		8311256E268B995D00C81104 /* PawsUp.app */ = {isa = PBXFileReference; explicitFileType = wrapper.application; includeInIndex = 0; path = PawsUp.app; sourceTree = BUILT_PRODUCTS_DIR; };
		83112571268B995D00C81104 /* AppDelegate.swift */ = {isa = PBXFileReference; lastKnownFileType = sourcecode.swift; path = AppDelegate.swift; sourceTree = "<group>"; };
		83112573268B995D00C81104 /* SceneDelegate.swift */ = {isa = PBXFileReference; lastKnownFileType = sourcecode.swift; path = SceneDelegate.swift; sourceTree = "<group>"; };
		83112575268B995D00C81104 /* ViewController.swift */ = {isa = PBXFileReference; lastKnownFileType = sourcecode.swift; path = ViewController.swift; sourceTree = "<group>"; };
		83112578268B995D00C81104 /* Base */ = {isa = PBXFileReference; lastKnownFileType = file.storyboard; name = Base; path = Base.lproj/Main.storyboard; sourceTree = "<group>"; };
		8311257B268B995D00C81104 /* PawsUp.xcdatamodel */ = {isa = PBXFileReference; lastKnownFileType = wrapper.xcdatamodel; path = PawsUp.xcdatamodel; sourceTree = "<group>"; };
		8311257D268B996200C81104 /* Assets.xcassets */ = {isa = PBXFileReference; lastKnownFileType = folder.assetcatalog; path = Assets.xcassets; sourceTree = "<group>"; };
		83112580268B996200C81104 /* Base */ = {isa = PBXFileReference; lastKnownFileType = file.storyboard; name = Base; path = Base.lproj/LaunchScreen.storyboard; sourceTree = "<group>"; };
		83112582268B996200C81104 /* Info.plist */ = {isa = PBXFileReference; lastKnownFileType = text.plist.xml; path = Info.plist; sourceTree = "<group>"; };
/* End PBXFileReference section */

/* Begin PBXFrameworksBuildPhase section */
		8311256B268B995D00C81104 /* Frameworks */ = {
			isa = PBXFrameworksBuildPhase;
			buildActionMask = 2147483647;
			files = (
			);
			runOnlyForDeploymentPostprocessing = 0;
		};
/* End PBXFrameworksBuildPhase section */

/* Begin PBXGroup section */
		83112565268B995D00C81104 = {
			isa = PBXGroup;
			children = (
				83112570268B995D00C81104 /* PawsUp */,
				8311256F268B995D00C81104 /* Products */,
			);
			sourceTree = "<group>";
		};
		8311256F268B995D00C81104 /* Products */ = {
			isa = PBXGroup;
			children = (
				8311256E268B995D00C81104 /* PawsUp.app */,
			);
			name = Products;
			sourceTree = "<group>";
		};
		83112570268B995D00C81104 /* PawsUp */ = {
			isa = PBXGroup;
			children = (
				35044F87268E3F1700980EDE /* DogAdoptViewController.swift */,
				357DFF92268E0A2C0042579E /* AddScheduleViewController.swift */,
				83112571268B995D00C81104 /* AppDelegate.swift */,
				357DFF91268E0A2C0042579E /* RemoveScheduleViewController.swift */,
				83112573268B995D00C81104 /* SceneDelegate.swift */,
				83112575268B995D00C81104 /* ViewController.swift */,
				357DFF93268E0A2C0042579E /* Schedule.swift */,
				357DFF8E268E0A2B0042579E /* ScheduleTableViewController.swift */,
				8311257D268B996200C81104 /* Assets.xcassets */,
				83112577268B995D00C81104 /* Main.storyboard */,
				8311257F268B996200C81104 /* LaunchScreen.storyboard */,
				83112582268B996200C81104 /* Info.plist */,
				8311257A268B995D00C81104 /* PawsUp.xcdatamodeld */,
			);
			path = PawsUp;
			sourceTree = "<group>";
		};
/* End PBXGroup section */

/* Begin PBXNativeTarget section */
		8311256D268B995D00C81104 /* PawsUp */ = {
			isa = PBXNativeTarget;
			buildConfigurationList = 83112585268B996200C81104 /* Build configuration list for PBXNativeTarget "PawsUp" */;
			buildPhases = (
				8311256A268B995D00C81104 /* Sources */,
				8311256B268B995D00C81104 /* Frameworks */,
				8311256C268B995D00C81104 /* Resources */,
			);
			buildRules = (
			);
			dependencies = (
			);
			name = PawsUp;
			productName = PawsUp;
			productReference = 8311256E268B995D00C81104 /* PawsUp.app */;
			productType = "com.apple.product-type.application";
		};
/* End PBXNativeTarget section */

/* Begin PBXProject section */
		83112566268B995D00C81104 /* Project object */ = {
			isa = PBXProject;
			attributes = {
				LastSwiftUpdateCheck = 1250;
				LastUpgradeCheck = 1250;
				TargetAttributes = {
					8311256D268B995D00C81104 = {
						CreatedOnToolsVersion = 12.5.1;
					};
				};
			};
			buildConfigurationList = 83112569268B995D00C81104 /* Build configuration list for PBXProject "PawsUp" */;
			compatibilityVersion = "Xcode 9.3";
			developmentRegion = en;
			hasScannedForEncodings = 0;
			knownRegions = (
				en,
				Base,
			);
			mainGroup = 83112565268B995D00C81104;
			productRefGroup = 8311256F268B995D00C81104 /* Products */;
			projectDirPath = "";
			projectRoot = "";
			targets = (
				8311256D268B995D00C81104 /* PawsUp */,
			);
		};
/* End PBXProject section */

/* Begin PBXResourcesBuildPhase section */
		8311256C268B995D00C81104 /* Resources */ = {
			isa = PBXResourcesBuildPhase;
			buildActionMask = 2147483647;
			files = (
				83112581268B996200C81104 /* LaunchScreen.storyboard in Resources */,
				8311257E268B996200C81104 /* Assets.xcassets in Resources */,
				83112579268B995D00C81104 /* Main.storyboard in Resources */,
			);
			runOnlyForDeploymentPostprocessing = 0;
		};
/* End PBXResourcesBuildPhase section */

/* Begin PBXSourcesBuildPhase section */
		8311256A268B995D00C81104 /* Sources */ = {
			isa = PBXSourcesBuildPhase;
			buildActionMask = 2147483647;
			files = (
				357DFF99268E0A2C0042579E /* Schedule.swift in Sources */,
				357DFF97268E0A2C0042579E /* RemoveScheduleViewController.swift in Sources */,
				83112576268B995D00C81104 /* ViewController.swift in Sources */,
				357DFF98268E0A2C0042579E /* AddScheduleViewController.swift in Sources */,
				83112572268B995D00C81104 /* AppDelegate.swift in Sources */,
				83112574268B995D00C81104 /* SceneDelegate.swift in Sources */,
				35044F88268E3F1700980EDE /* DogAdoptViewController.swift in Sources */,
				8311257C268B995D00C81104 /* PawsUp.xcdatamodeld in Sources */,
				357DFF94268E0A2C0042579E /* ScheduleTableViewController.swift in Sources */,
			);
			runOnlyForDeploymentPostprocessing = 0;
		};
/* End PBXSourcesBuildPhase section */

/* Begin PBXVariantGroup section */
		83112577268B995D00C81104 /* Main.storyboard */ = {
			isa = PBXVariantGroup;
			children = (
				83112578268B995D00C81104 /* Base */,
			);
			name = Main.storyboard;
			sourceTree = "<group>";
		};
		8311257F268B996200C81104 /* LaunchScreen.storyboard */ = {
			isa = PBXVariantGroup;
			children = (
				83112580268B996200C81104 /* Base */,
			);
			name = LaunchScreen.storyboard;
			sourceTree = "<group>";
		};
/* End PBXVariantGroup section */

/* Begin XCBuildConfiguration section */
		83112583268B996200C81104 /* Debug */ = {
			isa = XCBuildConfiguration;
			buildSettings = {
				ALWAYS_SEARCH_USER_PATHS = NO;
				CLANG_ANALYZER_NONNULL = YES;
				CLANG_ANALYZER_NUMBER_OBJECT_CONVERSION = YES_AGGRESSIVE;
				CLANG_CXX_LANGUAGE_STANDARD = "gnu++14";
				CLANG_CXX_LIBRARY = "libc++";
				CLANG_ENABLE_MODULES = YES;
				CLANG_ENABLE_OBJC_ARC = YES;
				CLANG_ENABLE_OBJC_WEAK = YES;
				CLANG_WARN_BLOCK_CAPTURE_AUTORELEASING = YES;
				CLANG_WARN_BOOL_CONVERSION = YES;
				CLANG_WARN_COMMA = YES;
				CLANG_WARN_CONSTANT_CONVERSION = YES;
				CLANG_WARN_DEPRECATED_OBJC_IMPLEMENTATIONS = YES;
				CLANG_WARN_DIRECT_OBJC_ISA_USAGE = YES_ERROR;
				CLANG_WARN_DOCUMENTATION_COMMENTS = YES;
				CLANG_WARN_EMPTY_BODY = YES;
				CLANG_WARN_ENUM_CONVERSION = YES;
				CLANG_WARN_INFINITE_RECURSION = YES;
				CLANG_WARN_INT_CONVERSION = YES;
				CLANG_WARN_NON_LITERAL_NULL_CONVERSION = YES;
				CLANG_WARN_OBJC_IMPLICIT_RETAIN_SELF = YES;
				CLANG_WARN_OBJC_LITERAL_CONVERSION = YES;
				CLANG_WARN_OBJC_ROOT_CLASS = YES_ERROR;
				CLANG_WARN_QUOTED_INCLUDE_IN_FRAMEWORK_HEADER = YES;
				CLANG_WARN_RANGE_LOOP_ANALYSIS = YES;
				CLANG_WARN_STRICT_PROTOTYPES = YES;
				CLANG_WARN_SUSPICIOUS_MOVE = YES;
				CLANG_WARN_UNGUARDED_AVAILABILITY = YES_AGGRESSIVE;
				CLANG_WARN_UNREACHABLE_CODE = YES;
				CLANG_WARN__DUPLICATE_METHOD_MATCH = YES;
				COPY_PHASE_STRIP = NO;
				DEBUG_INFORMATION_FORMAT = dwarf;
				ENABLE_STRICT_OBJC_MSGSEND = YES;
				ENABLE_TESTABILITY = YES;
				GCC_C_LANGUAGE_STANDARD = gnu11;
				GCC_DYNAMIC_NO_PIC = NO;
				GCC_NO_COMMON_BLOCKS = YES;
				GCC_OPTIMIZATION_LEVEL = 0;
				GCC_PREPROCESSOR_DEFINITIONS = (
					"DEBUG=1",
					"$(inherited)",
				);
				GCC_WARN_64_TO_32_BIT_CONVERSION = YES;
				GCC_WARN_ABOUT_RETURN_TYPE = YES_ERROR;
				GCC_WARN_UNDECLARED_SELECTOR = YES;
				GCC_WARN_UNINITIALIZED_AUTOS = YES_AGGRESSIVE;
				GCC_WARN_UNUSED_FUNCTION = YES;
				GCC_WARN_UNUSED_VARIABLE = YES;
				IPHONEOS_DEPLOYMENT_TARGET = 13.0;
				MTL_ENABLE_DEBUG_INFO = INCLUDE_SOURCE;
				MTL_FAST_MATH = YES;
				ONLY_ACTIVE_ARCH = YES;
				SDKROOT = iphoneos;
				SWIFT_ACTIVE_COMPILATION_CONDITIONS = DEBUG;
				SWIFT_OPTIMIZATION_LEVEL = "-Onone";
			};
			name = Debug;
		};
		83112584268B996200C81104 /* Release */ = {
			isa = XCBuildConfiguration;
			buildSettings = {
				ALWAYS_SEARCH_USER_PATHS = NO;
				CLANG_ANALYZER_NONNULL = YES;
				CLANG_ANALYZER_NUMBER_OBJECT_CONVERSION = YES_AGGRESSIVE;
				CLANG_CXX_LANGUAGE_STANDARD = "gnu++14";
				CLANG_CXX_LIBRARY = "libc++";
				CLANG_ENABLE_MODULES = YES;
				CLANG_ENABLE_OBJC_ARC = YES;
				CLANG_ENABLE_OBJC_WEAK = YES;
				CLANG_WARN_BLOCK_CAPTURE_AUTORELEASING = YES;
				CLANG_WARN_BOOL_CONVERSION = YES;
				CLANG_WARN_COMMA = YES;
				CLANG_WARN_CONSTANT_CONVERSION = YES;
				CLANG_WARN_DEPRECATED_OBJC_IMPLEMENTATIONS = YES;
				CLANG_WARN_DIRECT_OBJC_ISA_USAGE = YES_ERROR;
				CLANG_WARN_DOCUMENTATION_COMMENTS = YES;
				CLANG_WARN_EMPTY_BODY = YES;
				CLANG_WARN_ENUM_CONVERSION = YES;
				CLANG_WARN_INFINITE_RECURSION = YES;
				CLANG_WARN_INT_CONVERSION = YES;
				CLANG_WARN_NON_LITERAL_NULL_CONVERSION = YES;
				CLANG_WARN_OBJC_IMPLICIT_RETAIN_SELF = YES;
				CLANG_WARN_OBJC_LITERAL_CONVERSION = YES;
				CLANG_WARN_OBJC_ROOT_CLASS = YES_ERROR;
				CLANG_WARN_QUOTED_INCLUDE_IN_FRAMEWORK_HEADER = YES;
				CLANG_WARN_RANGE_LOOP_ANALYSIS = YES;
				CLANG_WARN_STRICT_PROTOTYPES = YES;
				CLANG_WARN_SUSPICIOUS_MOVE = YES;
				CLANG_WARN_UNGUARDED_AVAILABILITY = YES_AGGRESSIVE;
				CLANG_WARN_UNREACHABLE_CODE = YES;
				CLANG_WARN__DUPLICATE_METHOD_MATCH = YES;
				COPY_PHASE_STRIP = NO;
				DEBUG_INFORMATION_FORMAT = "dwarf-with-dsym";
				ENABLE_NS_ASSERTIONS = NO;
				ENABLE_STRICT_OBJC_MSGSEND = YES;
				GCC_C_LANGUAGE_STANDARD = gnu11;
				GCC_NO_COMMON_BLOCKS = YES;
				GCC_WARN_64_TO_32_BIT_CONVERSION = YES;
				GCC_WARN_ABOUT_RETURN_TYPE = YES_ERROR;
				GCC_WARN_UNDECLARED_SELECTOR = YES;
				GCC_WARN_UNINITIALIZED_AUTOS = YES_AGGRESSIVE;
				GCC_WARN_UNUSED_FUNCTION = YES;
				GCC_WARN_UNUSED_VARIABLE = YES;
				IPHONEOS_DEPLOYMENT_TARGET = 13.0;
				MTL_ENABLE_DEBUG_INFO = NO;
				MTL_FAST_MATH = YES;
				SDKROOT = iphoneos;
				SWIFT_COMPILATION_MODE = wholemodule;
				SWIFT_OPTIMIZATION_LEVEL = "-O";
				VALIDATE_PRODUCT = YES;
			};
			name = Release;
		};
		83112586268B996200C81104 /* Debug */ = {
			isa = XCBuildConfiguration;
			buildSettings = {
				ASSETCATALOG_COMPILER_APPICON_NAME = AppIcon;
				ASSETCATALOG_COMPILER_GLOBAL_ACCENT_COLOR_NAME = AccentColor;
				CODE_SIGN_STYLE = Automatic;
				DEVELOPMENT_TEAM = CR6938T2S4;
				INFOPLIST_FILE = PawsUp/Info.plist;
				LD_RUNPATH_SEARCH_PATHS = (
					"$(inherited)",
					"@executable_path/Frameworks",
				);
				PRODUCT_BUNDLE_IDENTIFIER = KWK.PawsUp;
				PRODUCT_NAME = "$(TARGET_NAME)";
				SWIFT_VERSION = 5.0;
				TARGETED_DEVICE_FAMILY = "1,2";
			};
			name = Debug;
		};
		83112587268B996200C81104 /* Release */ = {
			isa = XCBuildConfiguration;
			buildSettings = {
				ASSETCATALOG_COMPILER_APPICON_NAME = AppIcon;
				ASSETCATALOG_COMPILER_GLOBAL_ACCENT_COLOR_NAME = AccentColor;
				CODE_SIGN_STYLE = Automatic;
				DEVELOPMENT_TEAM = CR6938T2S4;
				INFOPLIST_FILE = PawsUp/Info.plist;
				LD_RUNPATH_SEARCH_PATHS = (
					"$(inherited)",
					"@executable_path/Frameworks",
				);
				PRODUCT_BUNDLE_IDENTIFIER = KWK.PawsUp;
				PRODUCT_NAME = "$(TARGET_NAME)";
				SWIFT_VERSION = 5.0;
				TARGETED_DEVICE_FAMILY = "1,2";
			};
			name = Release;
		};
/* End XCBuildConfiguration section */

/* Begin XCConfigurationList section */
		83112569268B995D00C81104 /* Build configuration list for PBXProject "PawsUp" */ = {
			isa = XCConfigurationList;
			buildConfigurations = (
				83112583268B996200C81104 /* Debug */,
				83112584268B996200C81104 /* Release */,
			);
			defaultConfigurationIsVisible = 0;
			defaultConfigurationName = Release;
		};
		83112585268B996200C81104 /* Build configuration list for PBXNativeTarget "PawsUp" */ = {
			isa = XCConfigurationList;
			buildConfigurations = (
				83112586268B996200C81104 /* Debug */,
				83112587268B996200C81104 /* Release */,
			);
			defaultConfigurationIsVisible = 0;
			defaultConfigurationName = Release;
		};
/* End XCConfigurationList section */

/* Begin XCVersionGroup section */
		8311257A268B995D00C81104 /* PawsUp.xcdatamodeld */ = {
			isa = XCVersionGroup;
			children = (
				8311257B268B995D00C81104 /* PawsUp.xcdatamodel */,
			);
			currentVersion = 8311257B268B995D00C81104 /* PawsUp.xcdatamodel */;
			path = PawsUp.xcdatamodeld;
			sourceTree = "<group>";
			versionGroupType = wrapper.xcdatamodel;
		};
/* End XCVersionGroup section */
	};
	rootObject = 83112566268B995D00C81104 /* Project object */;
}
